// !$*UTF8*$!
{
	archiveVersion = 1;
	classes = {
	};
	objectVersion = 77;
	objects = {

/* Begin PBXBuildFile section */
		0900BE1F72E396AF85E21E7B /* Formatter.swift in Sources */ = {isa = PBXBuildFile; fileRef = 4E4B379436776E69980BD9BE /* Formatter.swift */; };
		0923ADB1F6CF7E79A0B61C45 /* KeySpec.swift in Sources */ = {isa = PBXBuildFile; fileRef = F5A29462E9A0FFCAA866E195 /* KeySpec.swift */; };
		0A02499E15A2DE55BBE84EE3 /* KeyHandler.swift in Sources */ = {isa = PBXBuildFile; fileRef = 8B251518457C879E06D23CBB /* KeyHandler.swift */; };
		0B2E71BB3D614BCF8AC5639E /* ContentView.swift in Sources */ = {isa = PBXBuildFile; fileRef = 42B4BF1494FA6B77B15F3C02 /* ContentView.swift */; };
		14F010314516C40B16280E81 /* KeypadView.swift in Sources */ = {isa = PBXBuildFile; fileRef = 970FEA8466AEC47DA751FA2A /* KeypadView.swift */; };
		17D6542DD0DB6220817F8ADF /* Layout.swift in Sources */ = {isa = PBXBuildFile; fileRef = 6E91C1EAC6F514AC81A7264B /* Layout.swift */; };
		1E5D781CB4E39E653447B6B3 /* Eighty4App.swift in Sources */ = {isa = PBXBuildFile; fileRef = BB26BC99321298DB8F56588C /* Eighty4App.swift */; };
		2AD204D3D30284B12B6ECEE4 /* LCDView.swift in Sources */ = {isa = PBXBuildFile; fileRef = C78D0592B3579A564634F50D /* LCDView.swift */; };
		2B441C50CCA1AF94C8EB435D /* ShellPickerView.swift in Sources */ = {isa = PBXBuildFile; fileRef = A544A2D5F69F8BE59B016419 /* ShellPickerView.swift */; };
		38830038C9ADC469E3449B42 /* Keymap.swift in Sources */ = {isa = PBXBuildFile; fileRef = F96515469B8A33D46A769894 /* Keymap.swift */; };
		396784BAB35E5C54085C9EA1 /* Tokenizer.swift in Sources */ = {isa = PBXBuildFile; fileRef = 3D8C34C4BB02772550A29449 /* Tokenizer.swift */; };
		75B5580644FE3AEC75A36B0A /* CalculatorBodyView.swift in Sources */ = {isa = PBXBuildFile; fileRef = 7F05239C7B90DE80E8B45958 /* CalculatorBodyView.swift */; };
		7DA49DB7AABE9E0A5D26019D /* Assets.xcassets in Resources */ = {isa = PBXBuildFile; fileRef = 6A21FE636CA028E31DD9BBDE /* Assets.xcassets */; };
		8213C71953FC2829350EE411 /* CalcError.swift in Sources */ = {isa = PBXBuildFile; fileRef = 09FDC1459F526931711B1C41 /* CalcError.swift */; };
		95174A29E3ABEF7ED2725D12 /* CalculatorState.swift in Sources */ = {isa = PBXBuildFile; fileRef = 0E16EFBBC9F5A6714E9D7F63 /* CalculatorState.swift */; };
		A54D7E072BA0628DA3FEEDAB /* Parser.swift in Sources */ = {isa = PBXBuildFile; fileRef = 94DD74EC52B0AA1B30290C91 /* Parser.swift */; };
		AFCA7494C937411C03D30C24 /* Shell.swift in Sources */ = {isa = PBXBuildFile; fileRef = 0F3A0543FD475EB21C318682 /* Shell.swift */; };
		BCEBA495AEE39D10A3CEE864 /* EngineTests.swift in Sources */ = {isa = PBXBuildFile; fileRef = D4EED8AC376C9478F733B6A5 /* EngineTests.swift */; };
/* End PBXBuildFile section */

/* Begin PBXContainerItemProxy section */
		5C671C46802A1F6EA1810D1C /* PBXContainerItemProxy */ = {
			isa = PBXContainerItemProxy;
			containerPortal = 6F4CC8546E8E15BF0A375122 /* Project object */;
			proxyType = 1;
			remoteGlobalIDString = 454971E288EA9524C8D97256;
			remoteInfo = Eighty4;
		};
/* End PBXContainerItemProxy section */

/* Begin PBXFileReference section */
		09FDC1459F526931711B1C41 /* CalcError.swift */ = {isa = PBXFileReference; lastKnownFileType = sourcecode.swift; path = CalcError.swift; sourceTree = "<group>"; };
		0E16EFBBC9F5A6714E9D7F63 /* CalculatorState.swift */ = {isa = PBXFileReference; lastKnownFileType = sourcecode.swift; path = CalculatorState.swift; sourceTree = "<group>"; };
		0F3A0543FD475EB21C318682 /* Shell.swift */ = {isa = PBXFileReference; lastKnownFileType = sourcecode.swift; path = Shell.swift; sourceTree = "<group>"; };
		3D8C34C4BB02772550A29449 /* Tokenizer.swift */ = {isa = PBXFileReference; lastKnownFileType = sourcecode.swift; path = Tokenizer.swift; sourceTree = "<group>"; };
		42B4BF1494FA6B77B15F3C02 /* ContentView.swift */ = {isa = PBXFileReference; lastKnownFileType = sourcecode.swift; path = ContentView.swift; sourceTree = "<group>"; };
		4E4B379436776E69980BD9BE /* Formatter.swift */ = {isa = PBXFileReference; lastKnownFileType = sourcecode.swift; path = Formatter.swift; sourceTree = "<group>"; };
		6A21FE636CA028E31DD9BBDE /* Assets.xcassets */ = {isa = PBXFileReference; lastKnownFileType = folder.assetcatalog; path = Assets.xcassets; sourceTree = "<group>"; };
		6BE37052DA356AB10EFFC86B /* Info.plist */ = {isa = PBXFileReference; lastKnownFileType = text.plist; path = Info.plist; sourceTree = "<group>"; };
		6E91C1EAC6F514AC81A7264B /* Layout.swift */ = {isa = PBXFileReference; lastKnownFileType = sourcecode.swift; path = Layout.swift; sourceTree = "<group>"; };
		7F05239C7B90DE80E8B45958 /* CalculatorBodyView.swift */ = {isa = PBXFileReference; lastKnownFileType = sourcecode.swift; path = CalculatorBodyView.swift; sourceTree = "<group>"; };
		8B251518457C879E06D23CBB /* KeyHandler.swift */ = {isa = PBXFileReference; lastKnownFileType = sourcecode.swift; path = KeyHandler.swift; sourceTree = "<group>"; };
		94DD74EC52B0AA1B30290C91 /* Parser.swift */ = {isa = PBXFileReference; lastKnownFileType = sourcecode.swift; path = Parser.swift; sourceTree = "<group>"; };
		970FEA8466AEC47DA751FA2A /* KeypadView.swift */ = {isa = PBXFileReference; lastKnownFileType = sourcecode.swift; path = KeypadView.swift; sourceTree = "<group>"; };
		A544A2D5F69F8BE59B016419 /* ShellPickerView.swift */ = {isa = PBXFileReference; lastKnownFileType = sourcecode.swift; path = ShellPickerView.swift; sourceTree = "<group>"; };
		BB26BC99321298DB8F56588C /* Eighty4App.swift */ = {isa = PBXFileReference; lastKnownFileType = sourcecode.swift; path = Eighty4App.swift; sourceTree = "<group>"; };
		C78D0592B3579A564634F50D /* LCDView.swift */ = {isa = PBXFileReference; lastKnownFileType = sourcecode.swift; path = LCDView.swift; sourceTree = "<group>"; };
		D3B48A9BCA7E8D1A1FE132AF /* Eighty4.app */ = {isa = PBXFileReference; includeInIndex = 0; lastKnownFileType = wrapper.application; path = Eighty4.app; sourceTree = BUILT_PRODUCTS_DIR; };
		D4EED8AC376C9478F733B6A5 /* EngineTests.swift */ = {isa = PBXFileReference; lastKnownFileType = sourcecode.swift; path = EngineTests.swift; sourceTree = "<group>"; };
		F5A29462E9A0FFCAA866E195 /* KeySpec.swift */ = {isa = PBXFileReference; lastKnownFileType = sourcecode.swift; path = KeySpec.swift; sourceTree = "<group>"; };
		F96515469B8A33D46A769894 /* Keymap.swift */ = {isa = PBXFileReference; lastKnownFileType = sourcecode.swift; path = Keymap.swift; sourceTree = "<group>"; };
		FEF01C9B4FEAEB04AAA2DA5E /* Eighty4Tests.xctest */ = {isa = PBXFileReference; includeInIndex = 0; lastKnownFileType = wrapper.cfbundle; path = Eighty4Tests.xctest; sourceTree = BUILT_PRODUCTS_DIR; };
/* End PBXFileReference section */

/* Begin PBXGroup section */
		08D81CC2791A702E2545E260 /* Products */ = {
			isa = PBXGroup;
			children = (
				D3B48A9BCA7E8D1A1FE132AF /* Eighty4.app */,
				FEF01C9B4FEAEB04AAA2DA5E /* Eighty4Tests.xctest */,
			);
			name = Products;
			sourceTree = "<group>";
		};
		1695B45FC24DD7D302759903 /* Engine */ = {
			isa = PBXGroup;
			children = (
				09FDC1459F526931711B1C41 /* CalcError.swift */,
				4E4B379436776E69980BD9BE /* Formatter.swift */,
				94DD74EC52B0AA1B30290C91 /* Parser.swift */,
				3D8C34C4BB02772550A29449 /* Tokenizer.swift */,
			);
			path = Engine;
			sourceTree = "<group>";
		};
		1AAEC8EDF9E035988777FE2E /* Eighty4 */ = {
			isa = PBXGroup;
			children = (
				6A21FE636CA028E31DD9BBDE /* Assets.xcassets */,
				BB26BC99321298DB8F56588C /* Eighty4App.swift */,
				6BE37052DA356AB10EFFC86B /* Info.plist */,
				1695B45FC24DD7D302759903 /* Engine */,
				C96D1FE8AB3D8EEA14189B6E /* Models */,
				7602522EA7B3C875B6061996 /* State */,
				9DF2F903E8A9B60EE8C458C8 /* Views */,
			);
			path = Eighty4;
			sourceTree = "<group>";
		};
		7602522EA7B3C875B6061996 /* State */ = {
			isa = PBXGroup;
			children = (
				0E16EFBBC9F5A6714E9D7F63 /* CalculatorState.swift */,
				8B251518457C879E06D23CBB /* KeyHandler.swift */,
			);
			path = State;
			sourceTree = "<group>";
		};
		788E780FCDB5BEF9CF432DA1 = {
			isa = PBXGroup;
			children = (
				1AAEC8EDF9E035988777FE2E /* Eighty4 */,
				856D811FB326EF51BBCEAFF2 /* Eighty4Tests */,
				08D81CC2791A702E2545E260 /* Products */,
			);
			sourceTree = "<group>";
		};
		856D811FB326EF51BBCEAFF2 /* Eighty4Tests */ = {
			isa = PBXGroup;
			children = (
				D4EED8AC376C9478F733B6A5 /* EngineTests.swift */,
			);
			path = Eighty4Tests;
			sourceTree = "<group>";
		};
		9DF2F903E8A9B60EE8C458C8 /* Views */ = {
			isa = PBXGroup;
			children = (
				7F05239C7B90DE80E8B45958 /* CalculatorBodyView.swift */,
				42B4BF1494FA6B77B15F3C02 /* ContentView.swift */,
				970FEA8466AEC47DA751FA2A /* KeypadView.swift */,
				6E91C1EAC6F514AC81A7264B /* Layout.swift */,
				C78D0592B3579A564634F50D /* LCDView.swift */,
				A544A2D5F69F8BE59B016419 /* ShellPickerView.swift */,
			);
			path = Views;
			sourceTree = "<group>";
		};
		C96D1FE8AB3D8EEA14189B6E /* Models */ = {
			isa = PBXGroup;
			children = (
				F96515469B8A33D46A769894 /* Keymap.swift */,
				F5A29462E9A0FFCAA866E195 /* KeySpec.swift */,
				0F3A0543FD475EB21C318682 /* Shell.swift */,
			);
			path = Models;
			sourceTree = "<group>";
		};
/* End PBXGroup section */

/* Begin PBXNativeTarget section */
		454971E288EA9524C8D97256 /* Eighty4 */ = {
			isa = PBXNativeTarget;
			buildConfigurationList = F0B5B31F917C030D5A92E0BB /* Build configuration list for PBXNativeTarget "Eighty4" */;
			buildPhases = (
				E93A89053A2991DD92E47F72 /* Sources */,
				91C2C15205251BF2CDEB059D /* Resources */,
			);
			buildRules = (
			);
			dependencies = (
			);
			name = Eighty4;
			packageProductDependencies = (
			);
			productName = Eighty4;
			productReference = D3B48A9BCA7E8D1A1FE132AF /* Eighty4.app */;
			productType = "com.apple.product-type.application";
		};
		69D10AA86D3E3B556A3D14E9 /* Eighty4Tests */ = {
			isa = PBXNativeTarget;
			buildConfigurationList = 3BF8FA8991035E783E67EF32 /* Build configuration list for PBXNativeTarget "Eighty4Tests" */;
			buildPhases = (
				96836363A43EA2233CE96AA1 /* Sources */,
			);
			buildRules = (
			);
			dependencies = (
				683B61C91D0A716F1E06D259 /* PBXTargetDependency */,
			);
			name = Eighty4Tests;
			packageProductDependencies = (
			);
			productName = Eighty4Tests;
			productReference = FEF01C9B4FEAEB04AAA2DA5E /* Eighty4Tests.xctest */;
			productType = "com.apple.product-type.bundle.unit-test";
		};
/* End PBXNativeTarget section */

/* Begin PBXProject section */
		6F4CC8546E8E15BF0A375122 /* Project object */ = {
			isa = PBXProject;
			attributes = {
				BuildIndependentTargetsInParallel = YES;
				LastUpgradeCheck = 2600;
				TargetAttributes = {
					454971E288EA9524C8D97256 = {
						ProvisioningStyle = Automatic;
					};
					69D10AA86D3E3B556A3D14E9 = {
						ProvisioningStyle = Automatic;
					};
				};
			};
			buildConfigurationList = 69E3DAAFCD4315E2230A5666 /* Build configuration list for PBXProject "Eighty4" */;
			developmentRegion = en;
			hasScannedForEncodings = 0;
			knownRegions = (
				Base,
				en,
			);
			mainGroup = 788E780FCDB5BEF9CF432DA1;
			minimizedProjectReferenceProxies = 1;
			preferredProjectObjectVersion = 77;
			productRefGroup = 08D81CC2791A702E2545E260 /* Products */;
			projectDirPath = "";
			projectRoot = "";
			targets = (
				454971E288EA9524C8D97256 /* Eighty4 */,
				69D10AA86D3E3B556A3D14E9 /* Eighty4Tests */,
			);
		};
/* End PBXProject section */

/* Begin PBXResourcesBuildPhase section */
		91C2C15205251BF2CDEB059D /* Resources */ = {
			isa = PBXResourcesBuildPhase;
			buildActionMask = 2147483647;
			files = (
				7DA49DB7AABE9E0A5D26019D /* Assets.xcassets in Resources */,
			);
			runOnlyForDeploymentPostprocessing = 0;
		};
/* End PBXResourcesBuildPhase section */

/* Begin PBXSourcesBuildPhase section */
		96836363A43EA2233CE96AA1 /* Sources */ = {
			isa = PBXSourcesBuildPhase;
			buildActionMask = 2147483647;
			files = (
				BCEBA495AEE39D10A3CEE864 /* EngineTests.swift in Sources */,
			);
			runOnlyForDeploymentPostprocessing = 0;
		};
		E93A89053A2991DD92E47F72 /* Sources */ = {
			isa = PBXSourcesBuildPhase;
			buildActionMask = 2147483647;
			files = (
				8213C71953FC2829350EE411 /* CalcError.swift in Sources */,
				75B5580644FE3AEC75A36B0A /* CalculatorBodyView.swift in Sources */,
				95174A29E3ABEF7ED2725D12 /* CalculatorState.swift in Sources */,
				0B2E71BB3D614BCF8AC5639E /* ContentView.swift in Sources */,
				1E5D781CB4E39E653447B6B3 /* Eighty4App.swift in Sources */,
				0900BE1F72E396AF85E21E7B /* Formatter.swift in Sources */,
				0A02499E15A2DE55BBE84EE3 /* KeyHandler.swift in Sources */,
				0923ADB1F6CF7E79A0B61C45 /* KeySpec.swift in Sources */,
				38830038C9ADC469E3449B42 /* Keymap.swift in Sources */,
				14F010314516C40B16280E81 /* KeypadView.swift in Sources */,
				2AD204D3D30284B12B6ECEE4 /* LCDView.swift in Sources */,
				17D6542DD0DB6220817F8ADF /* Layout.swift in Sources */,
				A54D7E072BA0628DA3FEEDAB /* Parser.swift in Sources */,
				AFCA7494C937411C03D30C24 /* Shell.swift in Sources */,
				2B441C50CCA1AF94C8EB435D /* ShellPickerView.swift in Sources */,
				396784BAB35E5C54085C9EA1 /* Tokenizer.swift in Sources */,
			);
			runOnlyForDeploymentPostprocessing = 0;
		};
/* End PBXSourcesBuildPhase section */

/* Begin PBXTargetDependency section */
		683B61C91D0A716F1E06D259 /* PBXTargetDependency */ = {
			isa = PBXTargetDependency;
			target = 454971E288EA9524C8D97256 /* Eighty4 */;
			targetProxy = 5C671C46802A1F6EA1810D1C /* PBXContainerItemProxy */;
		};
/* End PBXTargetDependency section */

/* Begin XCBuildConfiguration section */
		15FD7C70CB65A4631BCFF2AC /* Debug */ = {
			isa = XCBuildConfiguration;
			buildSettings = {
				ASSETCATALOG_COMPILER_APPICON_NAME = AppIcon;
				ASSETCATALOG_COMPILER_GLOBAL_ACCENT_COLOR_NAME = AccentColor;
				CODE_SIGN_IDENTITY = "iPhone Developer";
				ENABLE_TESTABILITY = YES;
				INFOPLIST_FILE = Eighty4/Info.plist;
				LD_RUNPATH_SEARCH_PATHS = (
					"$(inherited)",
					"@executable_path/Frameworks",
				);
				PRODUCT_BUNDLE_IDENTIFIER = com.sachi.eighty4;
				SDKROOT = iphoneos;
				TARGETED_DEVICE_FAMILY = 1;
			};
			name = Debug;
		};
		1619CB03532CBF040965EB18 /* Debug */ = {
			isa = XCBuildConfiguration;
			buildSettings = {
				BUNDLE_LOADER = "$(TEST_HOST)";
				GENERATE_INFOPLIST_FILE = YES;
				LD_RUNPATH_SEARCH_PATHS = (
					"$(inherited)",
					"@executable_path/Frameworks",
					"@loader_path/Frameworks",
				);
				PRODUCT_BUNDLE_IDENTIFIER = com.sachi.eighty4.tests;
				SDKROOT = iphoneos;
				TARGETED_DEVICE_FAMILY = "1,2";
				TEST_HOST = "$(BUILT_PRODUCTS_DIR)/Eighty4.app/Eighty4";
			};
			name = Debug;
		};
		26BFD9149074B64189494D9A /* Debug */ = {
			isa = XCBuildConfiguration;
			buildSettings = {
				ALWAYS_SEARCH_USER_PATHS = NO;
				CLANG_ANALYZER_NONNULL = YES;
				CLANG_ANALYZER_NUMBER_OBJECT_CONVERSION = YES_AGGRESSIVE;
				CLANG_CXX_LANGUAGE_STANDARD = "gnu++14";
				CLANG_CXX_LIBRARY = "libc++";
				CLANG_ENABLE_MODULES = YES;
				CLANG_ENABLE_OBJC_ARC = YES;
				CLANG_ENABLE_OBJC_WEAK = YES;
				CLANG_WARN_BLOCK_CAPTURE_AUTORELEASING = YES;
				CLANG_WARN_BOOL_CONVERSION = YES;
				CLANG_WARN_COMMA = YES;
				CLANG_WARN_CONSTANT_CONVERSION = YES;
				CLANG_WARN_DEPRECATED_OBJC_IMPLEMENTATIONS = YES;
				CLANG_WARN_DIRECT_OBJC_ISA_USAGE = YES_ERROR;
				CLANG_WARN_DOCUMENTATION_COMMENTS = YES;
				CLANG_WARN_EMPTY_BODY = YES;
				CLANG_WARN_ENUM_CONVERSION = YES;
				CLANG_WARN_INFINITE_RECURSION = YES;
				CLANG_WARN_INT_CONVERSION = YES;
				CLANG_WARN_NON_LITERAL_NULL_CONVERSION = YES;
				CLANG_WARN_OBJC_IMPLICIT_RETAIN_SELF = YES;
				CLANG_WARN_OBJC_LITERAL_CONVERSION = YES;
				CLANG_WARN_OBJC_ROOT_CLASS = YES_ERROR;
				CLANG_WARN_QUOTED_INCLUDE_IN_FRAMEWORK_HEADER = YES;
				CLANG_WARN_RANGE_LOOP_ANALYSIS = YES;
				CLANG_WARN_STRICT_PROTOTYPES = YES;
				CLANG_WARN_SUSPICIOUS_MOVE = YES;
				CLANG_WARN_UNGUARDED_AVAILABILITY = YES_AGGRESSIVE;
				CLANG_WARN_UNREACHABLE_CODE = YES;
				CLANG_WARN__DUPLICATE_METHOD_MATCH = YES;
				CODE_SIGN_STYLE = Automatic;
				COPY_PHASE_STRIP = NO;
				DEBUG_INFORMATION_FORMAT = dwarf;
				ENABLE_STRICT_OBJC_MSGSEND = YES;
				ENABLE_TESTABILITY = YES;
				GCC_C_LANGUAGE_STANDARD = gnu11;
				GCC_DYNAMIC_NO_PIC = NO;
				GCC_NO_COMMON_BLOCKS = YES;
				GCC_OPTIMIZATION_LEVEL = 0;
				GCC_PREPROCESSOR_DEFINITIONS = (
					"$(inherited)",
					"DEBUG=1",
				);
				GCC_WARN_64_TO_32_BIT_CONVERSION = YES;
				GCC_WARN_ABOUT_RETURN_TYPE = YES_ERROR;
				GCC_WARN_UNDECLARED_SELECTOR = YES;
				GCC_WARN_UNINITIALIZED_AUTOS = YES_AGGRESSIVE;
				GCC_WARN_UNUSED_FUNCTION = YES;
				GCC_WARN_UNUSED_VARIABLE = YES;
				IPHONEOS_DEPLOYMENT_TARGET = 17.0;
				MTL_ENABLE_DEBUG_INFO = INCLUDE_SOURCE;
				MTL_FAST_MATH = YES;
				ONLY_ACTIVE_ARCH = YES;
				PRODUCT_NAME = "$(TARGET_NAME)";
				SDKROOT = iphoneos;
				SWIFT_ACTIVE_COMPILATION_CONDITIONS = DEBUG;
				SWIFT_OPTIMIZATION_LEVEL = "-Onone";
				SWIFT_VERSION = 5.0;
			};
			name = Debug;
		};
		29D27AE1C0E6371E886E0AD6 /* Release */ = {
			isa = XCBuildConfiguration;
			buildSettings = {
				ASSETCATALOG_COMPILER_APPICON_NAME = AppIcon;
				ASSETCATALOG_COMPILER_GLOBAL_ACCENT_COLOR_NAME = AccentColor;
				CODE_SIGN_IDENTITY = "iPhone Developer";
				ENABLE_TESTABILITY = YES;
				INFOPLIST_FILE = Eighty4/Info.plist;
				LD_RUNPATH_SEARCH_PATHS = (
					"$(inherited)",
					"@executable_path/Frameworks",
				);
				PRODUCT_BUNDLE_IDENTIFIER = com.sachi.eighty4;
				SDKROOT = iphoneos;
				TARGETED_DEVICE_FAMILY = 1;
			};
			name = Release;
		};
		BC2AFD5606390633E33A5BCE /* Release */ = {
			isa = XCBuildConfiguration;
			buildSettings = {
				ALWAYS_SEARCH_USER_PATHS = NO;
				CLANG_ANALYZER_NONNULL = YES;
				CLANG_ANALYZER_NUMBER_OBJECT_CONVERSION = YES_AGGRESSIVE;
				CLANG_CXX_LANGUAGE_STANDARD = "gnu++14";
				CLANG_CXX_LIBRARY = "libc++";
				CLANG_ENABLE_MODULES = YES;
				CLANG_ENABLE_OBJC_ARC = YES;
				CLANG_ENABLE_OBJC_WEAK = YES;
				CLANG_WARN_BLOCK_CAPTURE_AUTORELEASING = YES;
				CLANG_WARN_BOOL_CONVERSION = YES;
				CLANG_WARN_COMMA = YES;
				CLANG_WARN_CONSTANT_CONVERSION = YES;
				CLANG_WARN_DEPRECATED_OBJC_IMPLEMENTATIONS = YES;
				CLANG_WARN_DIRECT_OBJC_ISA_USAGE = YES_ERROR;
				CLANG_WARN_DOCUMENTATION_COMMENTS = YES;
				CLANG_WARN_EMPTY_BODY = YES;
				CLANG_WARN_ENUM_CONVERSION = YES;
				CLANG_WARN_INFINITE_RECURSION = YES;
				CLANG_WARN_INT_CONVERSION = YES;
				CLANG_WARN_NON_LITERAL_NULL_CONVERSION = YES;
				CLANG_WARN_OBJC_IMPLICIT_RETAIN_SELF = YES;
				CLANG_WARN_OBJC_LITERAL_CONVERSION = YES;
				CLANG_WARN_OBJC_ROOT_CLASS = YES_ERROR;
				CLANG_WARN_QUOTED_INCLUDE_IN_FRAMEWORK_HEADER = YES;
				CLANG_WARN_RANGE_LOOP_ANALYSIS = YES;
				CLANG_WARN_STRICT_PROTOTYPES = YES;
				CLANG_WARN_SUSPICIOUS_MOVE = YES;
				CLANG_WARN_UNGUARDED_AVAILABILITY = YES_AGGRESSIVE;
				CLANG_WARN_UNREACHABLE_CODE = YES;
				CLANG_WARN__DUPLICATE_METHOD_MATCH = YES;
				CODE_SIGN_STYLE = Automatic;
				COPY_PHASE_STRIP = NO;
				DEBUG_INFORMATION_FORMAT = "dwarf-with-dsym";
				ENABLE_NS_ASSERTIONS = NO;
				ENABLE_STRICT_OBJC_MSGSEND = YES;
				GCC_C_LANGUAGE_STANDARD = gnu11;
				GCC_NO_COMMON_BLOCKS = YES;
				GCC_WARN_64_TO_32_BIT_CONVERSION = YES;
				GCC_WARN_ABOUT_RETURN_TYPE = YES_ERROR;
				GCC_WARN_UNDECLARED_SELECTOR = YES;
				GCC_WARN_UNINITIALIZED_AUTOS = YES_AGGRESSIVE;
				GCC_WARN_UNUSED_FUNCTION = YES;
				GCC_WARN_UNUSED_VARIABLE = YES;
				IPHONEOS_DEPLOYMENT_TARGET = 17.0;
				MTL_ENABLE_DEBUG_INFO = NO;
				MTL_FAST_MATH = YES;
				PRODUCT_NAME = "$(TARGET_NAME)";
				SDKROOT = iphoneos;
				SWIFT_COMPILATION_MODE = wholemodule;
				SWIFT_OPTIMIZATION_LEVEL = "-O";
				SWIFT_VERSION = 5.0;
			};
			name = Release;
		};
		F34FA198407EC2777C933818 /* Release */ = {
			isa = XCBuildConfiguration;
			buildSettings = {
				BUNDLE_LOADER = "$(TEST_HOST)";
				GENERATE_INFOPLIST_FILE = YES;
				LD_RUNPATH_SEARCH_PATHS = (
					"$(inherited)",
					"@executable_path/Frameworks",
					"@loader_path/Frameworks",
				);
				PRODUCT_BUNDLE_IDENTIFIER = com.sachi.eighty4.tests;
				SDKROOT = iphoneos;
				TARGETED_DEVICE_FAMILY = "1,2";
				TEST_HOST = "$(BUILT_PRODUCTS_DIR)/Eighty4.app/Eighty4";
			};
			name = Release;
		};
/* End XCBuildConfiguration section */

/* Begin XCConfigurationList section */
		3BF8FA8991035E783E67EF32 /* Build configuration list for PBXNativeTarget "Eighty4Tests" */ = {
			isa = XCConfigurationList;
			buildConfigurations = (
				1619CB03532CBF040965EB18 /* Debug */,
				F34FA198407EC2777C933818 /* Release */,
			);
			defaultConfigurationIsVisible = 0;
			defaultConfigurationName = Debug;
		};
		69E3DAAFCD4315E2230A5666 /* Build configuration list for PBXProject "Eighty4" */ = {
			isa = XCConfigurationList;
			buildConfigurations = (
				26BFD9149074B64189494D9A /* Debug */,
				BC2AFD5606390633E33A5BCE /* Release */,
			);
			defaultConfigurationIsVisible = 0;
			defaultConfigurationName = Debug;
		};
		F0B5B31F917C030D5A92E0BB /* Build configuration list for PBXNativeTarget "Eighty4" */ = {
			isa = XCConfigurationList;
			buildConfigurations = (
				15FD7C70CB65A4631BCFF2AC /* Debug */,
				29D27AE1C0E6371E886E0AD6 /* Release */,
			);
			defaultConfigurationIsVisible = 0;
			defaultConfigurationName = Debug;
		};
/* End XCConfigurationList section */
	};
	rootObject = 6F4CC8546E8E15BF0A375122 /* Project object */;
}
